// !$*UTF8*$!
{
	archiveVersion = 1;
	classes = {
	};
	objectVersion = 48;
	objects = {

/* Begin PBXBuildFile section */
		36BA670CB65D0DFFC86E8B92 /* Pods_TestProject2.framework in Frameworks */ = {isa = PBXBuildFile; fileRef = F0CC161F8E2E7DE403770FAB /* Pods_TestProject2.framework */; };
		9EE83AB3204BB9D000FD3DC2 /* AppDelegate.swift in Sources */ = {isa = PBXBuildFile; fileRef = 9EE83AB2204BB9D000FD3DC2 /* AppDelegate.swift */; };
		9EE83AB5204BB9D000FD3DC2 /* HomeVC.swift in Sources */ = {isa = PBXBuildFile; fileRef = 9EE83AB4204BB9D000FD3DC2 /* HomeVC.swift */; };
		9EE83AB8204BB9D000FD3DC2 /* Main.storyboard in Resources */ = {isa = PBXBuildFile; fileRef = 9EE83AB6204BB9D000FD3DC2 /* Main.storyboard */; };
		9EE83ABA204BB9D000FD3DC2 /* Assets.xcassets in Resources */ = {isa = PBXBuildFile; fileRef = 9EE83AB9204BB9D000FD3DC2 /* Assets.xcassets */; };
		9EE83ABD204BB9D000FD3DC2 /* LaunchScreen.storyboard in Resources */ = {isa = PBXBuildFile; fileRef = 9EE83ABB204BB9D000FD3DC2 /* LaunchScreen.storyboard */; };
		9EE83AC7204BBD5A00FD3DC2 /* ProfileCell.swift in Sources */ = {isa = PBXBuildFile; fileRef = 9EE83AC6204BBD5A00FD3DC2 /* ProfileCell.swift */; };
		9EE83ACC204C6BEA00FD3DC2 /* Psychic.swift in Sources */ = {isa = PBXBuildFile; fileRef = 9EE83ACB204C6BEA00FD3DC2 /* Psychic.swift */; };
		9EE83ACF204C71D500FD3DC2 /* APIManager.swift in Sources */ = {isa = PBXBuildFile; fileRef = 9EE83ACE204C71D500FD3DC2 /* APIManager.swift */; };
		9EE83AD1204C73B600FD3DC2 /* Reach.swift in Sources */ = {isa = PBXBuildFile; fileRef = 9EE83AD0204C73B600FD3DC2 /* Reach.swift */; };
		9EE83AD4204C782900FD3DC2 /* UIViewController+Extension.swift in Sources */ = {isa = PBXBuildFile; fileRef = 9EE83AD3204C782900FD3DC2 /* UIViewController+Extension.swift */; };
		9EE83AD7204C7B6800FD3DC2 /* ResponseData.swift in Sources */ = {isa = PBXBuildFile; fileRef = 9EE83AD6204C7B6800FD3DC2 /* ResponseData.swift */; };
/* End PBXBuildFile section */

/* Begin PBXFileReference section */
		9DA6C2D314394D62E7D9EC57 /* Pods-TestProject2.release.xcconfig */ = {isa = PBXFileReference; includeInIndex = 1; lastKnownFileType = text.xcconfig; name = "Pods-TestProject2.release.xcconfig"; path = "Pods/Target Support Files/Pods-TestProject2/Pods-TestProject2.release.xcconfig"; sourceTree = "<group>"; };
		9EE83AAF204BB9D000FD3DC2 /* TestProject2.app */ = {isa = PBXFileReference; explicitFileType = wrapper.application; includeInIndex = 0; path = TestProject2.app; sourceTree = BUILT_PRODUCTS_DIR; };
		9EE83AB2204BB9D000FD3DC2 /* AppDelegate.swift */ = {isa = PBXFileReference; lastKnownFileType = sourcecode.swift; path = AppDelegate.swift; sourceTree = "<group>"; };
		9EE83AB4204BB9D000FD3DC2 /* HomeVC.swift */ = {isa = PBXFileReference; lastKnownFileType = sourcecode.swift; path = HomeVC.swift; sourceTree = "<group>"; };
		9EE83AB7204BB9D000FD3DC2 /* Base */ = {isa = PBXFileReference; lastKnownFileType = file.storyboard; name = Base; path = Base.lproj/Main.storyboard; sourceTree = "<group>"; };
		9EE83AB9204BB9D000FD3DC2 /* Assets.xcassets */ = {isa = PBXFileReference; lastKnownFileType = folder.assetcatalog; path = Assets.xcassets; sourceTree = "<group>"; };
		9EE83ABC204BB9D000FD3DC2 /* Base */ = {isa = PBXFileReference; lastKnownFileType = file.storyboard; name = Base; path = Base.lproj/LaunchScreen.storyboard; sourceTree = "<group>"; };
		9EE83ABE204BB9D000FD3DC2 /* Info.plist */ = {isa = PBXFileReference; lastKnownFileType = text.plist.xml; path = Info.plist; sourceTree = "<group>"; };
		9EE83AC6204BBD5A00FD3DC2 /* ProfileCell.swift */ = {isa = PBXFileReference; lastKnownFileType = sourcecode.swift; path = ProfileCell.swift; sourceTree = "<group>"; };
		9EE83ACB204C6BEA00FD3DC2 /* Psychic.swift */ = {isa = PBXFileReference; lastKnownFileType = sourcecode.swift; path = Psychic.swift; sourceTree = "<group>"; };
		9EE83ACE204C71D500FD3DC2 /* APIManager.swift */ = {isa = PBXFileReference; lastKnownFileType = sourcecode.swift; path = APIManager.swift; sourceTree = "<group>"; };
		9EE83AD0204C73B600FD3DC2 /* Reach.swift */ = {isa = PBXFileReference; lastKnownFileType = sourcecode.swift; path = Reach.swift; sourceTree = "<group>"; };
		9EE83AD3204C782900FD3DC2 /* UIViewController+Extension.swift */ = {isa = PBXFileReference; lastKnownFileType = sourcecode.swift; path = "UIViewController+Extension.swift"; sourceTree = "<group>"; };
		9EE83AD6204C7B6800FD3DC2 /* ResponseData.swift */ = {isa = PBXFileReference; lastKnownFileType = sourcecode.swift; path = ResponseData.swift; sourceTree = "<group>"; };
		AABAF881C002C6130449AA6A /* Pods-TestProject2.debug.xcconfig */ = {isa = PBXFileReference; includeInIndex = 1; lastKnownFileType = text.xcconfig; name = "Pods-TestProject2.debug.xcconfig"; path = "Pods/Target Support Files/Pods-TestProject2/Pods-TestProject2.debug.xcconfig"; sourceTree = "<group>"; };
		F0CC161F8E2E7DE403770FAB /* Pods_TestProject2.framework */ = {isa = PBXFileReference; explicitFileType = wrapper.framework; includeInIndex = 0; path = Pods_TestProject2.framework; sourceTree = BUILT_PRODUCTS_DIR; };
/* End PBXFileReference section */

/* Begin PBXFrameworksBuildPhase section */
		9EE83AAC204BB9D000FD3DC2 /* Frameworks */ = {
			isa = PBXFrameworksBuildPhase;
			buildActionMask = 2147483647;
			files = (
				36BA670CB65D0DFFC86E8B92 /* Pods_TestProject2.framework in Frameworks */,
			);
			runOnlyForDeploymentPostprocessing = 0;
		};
/* End PBXFrameworksBuildPhase section */

/* Begin PBXGroup section */
		2E6CB0DB0494C5446857847A /* Pods */ = {
			isa = PBXGroup;
			children = (
				AABAF881C002C6130449AA6A /* Pods-TestProject2.debug.xcconfig */,
				9DA6C2D314394D62E7D9EC57 /* Pods-TestProject2.release.xcconfig */,
			);
			name = Pods;
			sourceTree = "<group>";
		};
		50C1B6B2FE9B1F8A0DBFC390 /* Frameworks */ = {
			isa = PBXGroup;
			children = (
				F0CC161F8E2E7DE403770FAB /* Pods_TestProject2.framework */,
			);
			name = Frameworks;
			sourceTree = "<group>";
		};
		9EE83AA6204BB9D000FD3DC2 = {
			isa = PBXGroup;
			children = (
				9EE83AB1204BB9D000FD3DC2 /* TestProject2 */,
				9EE83AB0204BB9D000FD3DC2 /* Products */,
				2E6CB0DB0494C5446857847A /* Pods */,
				50C1B6B2FE9B1F8A0DBFC390 /* Frameworks */,
			);
			sourceTree = "<group>";
		};
		9EE83AB0204BB9D000FD3DC2 /* Products */ = {
			isa = PBXGroup;
			children = (
				9EE83AAF204BB9D000FD3DC2 /* TestProject2.app */,
			);
			name = Products;
			sourceTree = "<group>";
		};
		9EE83AB1204BB9D000FD3DC2 /* TestProject2 */ = {
			isa = PBXGroup;
			children = (
				9EE83AD2204C781000FD3DC2 /* Extensions */,
				9EE83ACD204C71C400FD3DC2 /* WebService */,
				9EE83ACA204C6BD900FD3DC2 /* Model */,
				9EE83AC8204BBDC100FD3DC2 /* Controller */,
				9EE83AC9204BBDD900FD3DC2 /* View */,
				9EE83AB2204BB9D000FD3DC2 /* AppDelegate.swift */,
				9EE83AB6204BB9D000FD3DC2 /* Main.storyboard */,
				9EE83AB9204BB9D000FD3DC2 /* Assets.xcassets */,
				9EE83ABB204BB9D000FD3DC2 /* LaunchScreen.storyboard */,
				9EE83ABE204BB9D000FD3DC2 /* Info.plist */,
			);
			path = TestProject2;
			sourceTree = "<group>";
		};
		9EE83AC8204BBDC100FD3DC2 /* Controller */ = {
			isa = PBXGroup;
			children = (
				9EE83AB4204BB9D000FD3DC2 /* HomeVC.swift */,
			);
			path = Controller;
			sourceTree = "<group>";
		};
		9EE83AC9204BBDD900FD3DC2 /* View */ = {
			isa = PBXGroup;
			children = (
				9EE83AC6204BBD5A00FD3DC2 /* ProfileCell.swift */,
			);
			path = View;
			sourceTree = "<group>";
		};
		9EE83ACA204C6BD900FD3DC2 /* Model */ = {
			isa = PBXGroup;
			children = (
				9EE83ACB204C6BEA00FD3DC2 /* Psychic.swift */,
			);
			path = Model;
			sourceTree = "<group>";
		};
		9EE83ACD204C71C400FD3DC2 /* WebService */ = {
			isa = PBXGroup;
			children = (
				9EE83ACE204C71D500FD3DC2 /* APIManager.swift */,
				9EE83AD0204C73B600FD3DC2 /* Reach.swift */,
				9EE83AD5204C7AB300FD3DC2 /* WebResponse */,
			);
			path = WebService;
			sourceTree = "<group>";
		};
		9EE83AD2204C781000FD3DC2 /* Extensions */ = {
			isa = PBXGroup;
			children = (
				9EE83AD3204C782900FD3DC2 /* UIViewController+Extension.swift */,
			);
			path = Extensions;
			sourceTree = "<group>";
		};
		9EE83AD5204C7AB300FD3DC2 /* WebResponse */ = {
			isa = PBXGroup;
			children = (
				9EE83AD6204C7B6800FD3DC2 /* ResponseData.swift */,
			);
			path = WebResponse;
			sourceTree = "<group>";
		};
/* End PBXGroup section */

/* Begin PBXNativeTarget section */
		9EE83AAE204BB9D000FD3DC2 /* TestProject2 */ = {
			isa = PBXNativeTarget;
			buildConfigurationList = 9EE83AC1204BB9D000FD3DC2 /* Build configuration list for PBXNativeTarget "TestProject2" */;
			buildPhases = (
				D7992C403EACA2763F3E3A05 /* [CP] Check Pods Manifest.lock */,
				9EE83AAB204BB9D000FD3DC2 /* Sources */,
				9EE83AAC204BB9D000FD3DC2 /* Frameworks */,
				9EE83AAD204BB9D000FD3DC2 /* Resources */,
				6EC70988993A7CC32AFF1593 /* [CP] Embed Pods Frameworks */,
				E3089D2E662B6FE51ABC9780 /* [CP] Copy Pods Resources */,
			);
			buildRules = (
			);
			dependencies = (
			);
			name = TestProject2;
			productName = TestProject2;
			productReference = 9EE83AAF204BB9D000FD3DC2 /* TestProject2.app */;
			productType = "com.apple.product-type.application";
		};
/* End PBXNativeTarget section */

/* Begin PBXProject section */
		9EE83AA7204BB9D000FD3DC2 /* Project object */ = {
			isa = PBXProject;
			attributes = {
				LastSwiftUpdateCheck = 0920;
				LastUpgradeCheck = 0920;
				ORGANIZATIONNAME = "vamsi krishna reddy kamjula";
				TargetAttributes = {
					9EE83AAE204BB9D000FD3DC2 = {
						CreatedOnToolsVersion = 9.2;
						ProvisioningStyle = Automatic;
					};
				};
			};
			buildConfigurationList = 9EE83AAA204BB9D000FD3DC2 /* Build configuration list for PBXProject "TestProject2" */;
			compatibilityVersion = "Xcode 8.0";
			developmentRegion = en;
			hasScannedForEncodings = 0;
			knownRegions = (
				en,
				Base,
			);
			mainGroup = 9EE83AA6204BB9D000FD3DC2;
			productRefGroup = 9EE83AB0204BB9D000FD3DC2 /* Products */;
			projectDirPath = "";
			projectRoot = "";
			targets = (
				9EE83AAE204BB9D000FD3DC2 /* TestProject2 */,
			);
		};
/* End PBXProject section */

/* Begin PBXResourcesBuildPhase section */
		9EE83AAD204BB9D000FD3DC2 /* Resources */ = {
			isa = PBXResourcesBuildPhase;
			buildActionMask = 2147483647;
			files = (
				9EE83ABD204BB9D000FD3DC2 /* LaunchScreen.storyboard in Resources */,
				9EE83ABA204BB9D000FD3DC2 /* Assets.xcassets in Resources */,
				9EE83AB8204BB9D000FD3DC2 /* Main.storyboard in Resources */,
			);
			runOnlyForDeploymentPostprocessing = 0;
		};
/* End PBXResourcesBuildPhase section */

/* Begin PBXShellScriptBuildPhase section */
		6EC70988993A7CC32AFF1593 /* [CP] Embed Pods Frameworks */ = {
			isa = PBXShellScriptBuildPhase;
			buildActionMask = 2147483647;
			files = (
			);
			inputPaths = (
				"${SRCROOT}/Pods/Target Support Files/Pods-TestProject2/Pods-TestProject2-frameworks.sh",
				"${BUILT_PRODUCTS_DIR}/SwiftyJSON/SwiftyJSON.framework",
			);
			name = "[CP] Embed Pods Frameworks";
			outputPaths = (
				"${TARGET_BUILD_DIR}/${FRAMEWORKS_FOLDER_PATH}/SwiftyJSON.framework",
			);
			runOnlyForDeploymentPostprocessing = 0;
			shellPath = /bin/sh;
			shellScript = "\"${SRCROOT}/Pods/Target Support Files/Pods-TestProject2/Pods-TestProject2-frameworks.sh\"\n";
			showEnvVarsInLog = 0;
		};
		D7992C403EACA2763F3E3A05 /* [CP] Check Pods Manifest.lock */ = {
			isa = PBXShellScriptBuildPhase;
			buildActionMask = 2147483647;
			files = (
			);
			inputPaths = (
				"${PODS_PODFILE_DIR_PATH}/Podfile.lock",
				"${PODS_ROOT}/Manifest.lock",
			);
			name = "[CP] Check Pods Manifest.lock";
			outputPaths = (
				"$(DERIVED_FILE_DIR)/Pods-TestProject2-checkManifestLockResult.txt",
			);
			runOnlyForDeploymentPostprocessing = 0;
			shellPath = /bin/sh;
			shellScript = "diff \"${PODS_PODFILE_DIR_PATH}/Podfile.lock\" \"${PODS_ROOT}/Manifest.lock\" > /dev/null\nif [ $? != 0 ] ; then\n    # print error to STDERR\n    echo \"error: The sandbox is not in sync with the Podfile.lock. Run 'pod install' or update your CocoaPods installation.\" >&2\n    exit 1\nfi\n# This output is used by Xcode 'outputs' to avoid re-running this script phase.\necho \"SUCCESS\" > \"${SCRIPT_OUTPUT_FILE_0}\"\n";
			showEnvVarsInLog = 0;
		};
		E3089D2E662B6FE51ABC9780 /* [CP] Copy Pods Resources */ = {
			isa = PBXShellScriptBuildPhase;
			buildActionMask = 2147483647;
			files = (
			);
			inputPaths = (
			);
			name = "[CP] Copy Pods Resources";
			outputPaths = (
			);
			runOnlyForDeploymentPostprocessing = 0;
			shellPath = /bin/sh;
			shellScript = "\"${SRCROOT}/Pods/Target Support Files/Pods-TestProject2/Pods-TestProject2-resources.sh\"\n";
			showEnvVarsInLog = 0;
		};
/* End PBXShellScriptBuildPhase section */

/* Begin PBXSourcesBuildPhase section */
		9EE83AAB204BB9D000FD3DC2 /* Sources */ = {
			isa = PBXSourcesBuildPhase;
			buildActionMask = 2147483647;
			files = (
				9EE83AC7204BBD5A00FD3DC2 /* ProfileCell.swift in Sources */,
				9EE83AD1204C73B600FD3DC2 /* Reach.swift in Sources */,
				9EE83AD7204C7B6800FD3DC2 /* ResponseData.swift in Sources */,
				9EE83ACF204C71D500FD3DC2 /* APIManager.swift in Sources */,
				9EE83AB5204BB9D000FD3DC2 /* HomeVC.swift in Sources */,
				9EE83AD4204C782900FD3DC2 /* UIViewController+Extension.swift in Sources */,
				9EE83AB3204BB9D000FD3DC2 /* AppDelegate.swift in Sources */,
				9EE83ACC204C6BEA00FD3DC2 /* Psychic.swift in Sources */,
			);
			runOnlyForDeploymentPostprocessing = 0;
		};
/* End PBXSourcesBuildPhase section */

/* Begin PBXVariantGroup section */
		9EE83AB6204BB9D000FD3DC2 /* Main.storyboard */ = {
			isa = PBXVariantGroup;
			children = (
				9EE83AB7204BB9D000FD3DC2 /* Base */,
			);
			name = Main.storyboard;
			sourceTree = "<group>";
		};
		9EE83ABB204BB9D000FD3DC2 /* LaunchScreen.storyboard */ = {
			isa = PBXVariantGroup;
			children = (
				9EE83ABC204BB9D000FD3DC2 /* Base */,
			);
			name = LaunchScreen.storyboard;
			sourceTree = "<group>";
		};
/* End PBXVariantGroup section */

/* Begin XCBuildConfiguration section */
		9EE83ABF204BB9D000FD3DC2 /* Debug */ = {
			isa = XCBuildConfiguration;
			buildSettings = {
				ALWAYS_SEARCH_USER_PATHS = NO;
				CLANG_ANALYZER_NONNULL = YES;
				CLANG_ANALYZER_NUMBER_OBJECT_CONVERSION = YES_AGGRESSIVE;
				CLANG_CXX_LANGUAGE_STANDARD = "gnu++14";
				CLANG_CXX_LIBRARY = "libc++";
				CLANG_ENABLE_MODULES = YES;
				CLANG_ENABLE_OBJC_ARC = YES;
				CLANG_WARN_BLOCK_CAPTURE_AUTORELEASING = YES;
				CLANG_WARN_BOOL_CONVERSION = YES;
				CLANG_WARN_COMMA = YES;
				CLANG_WARN_CONSTANT_CONVERSION = YES;
				CLANG_WARN_DIRECT_OBJC_ISA_USAGE = YES_ERROR;
				CLANG_WARN_DOCUMENTATION_COMMENTS = YES;
				CLANG_WARN_EMPTY_BODY = YES;
				CLANG_WARN_ENUM_CONVERSION = YES;
				CLANG_WARN_INFINITE_RECURSION = YES;
				CLANG_WARN_INT_CONVERSION = YES;
				CLANG_WARN_NON_LITERAL_NULL_CONVERSION = YES;
				CLANG_WARN_OBJC_LITERAL_CONVERSION = YES;
				CLANG_WARN_OBJC_ROOT_CLASS = YES_ERROR;
				CLANG_WARN_RANGE_LOOP_ANALYSIS = YES;
				CLANG_WARN_STRICT_PROTOTYPES = YES;
				CLANG_WARN_SUSPICIOUS_MOVE = YES;
				CLANG_WARN_UNGUARDED_AVAILABILITY = YES_AGGRESSIVE;
				CLANG_WARN_UNREACHABLE_CODE = YES;
				CLANG_WARN__DUPLICATE_METHOD_MATCH = YES;
				CODE_SIGN_IDENTITY = "iPhone Developer";
				COPY_PHASE_STRIP = NO;
				DEBUG_INFORMATION_FORMAT = dwarf;
				ENABLE_STRICT_OBJC_MSGSEND = YES;
				ENABLE_TESTABILITY = YES;
				GCC_C_LANGUAGE_STANDARD = gnu11;
				GCC_DYNAMIC_NO_PIC = NO;
				GCC_NO_COMMON_BLOCKS = YES;
				GCC_OPTIMIZATION_LEVEL = 0;
				GCC_PREPROCESSOR_DEFINITIONS = (
					"DEBUG=1",
					"$(inherited)",
				);
				GCC_WARN_64_TO_32_BIT_CONVERSION = YES;
				GCC_WARN_ABOUT_RETURN_TYPE = YES_ERROR;
				GCC_WARN_UNDECLARED_SELECTOR = YES;
				GCC_WARN_UNINITIALIZED_AUTOS = YES_AGGRESSIVE;
				GCC_WARN_UNUSED_FUNCTION = YES;
				GCC_WARN_UNUSED_VARIABLE = YES;
				IPHONEOS_DEPLOYMENT_TARGET = 11.2;
				MTL_ENABLE_DEBUG_INFO = YES;
				ONLY_ACTIVE_ARCH = YES;
				SDKROOT = iphoneos;
				SWIFT_ACTIVE_COMPILATION_CONDITIONS = DEBUG;
				SWIFT_OPTIMIZATION_LEVEL = "-Onone";
			};
			name = Debug;
		};
		9EE83AC0204BB9D000FD3DC2 /* Release */ = {
			isa = XCBuildConfiguration;
			buildSettings = {
				ALWAYS_SEARCH_USER_PATHS = NO;
				CLANG_ANALYZER_NONNULL = YES;
				CLANG_ANALYZER_NUMBER_OBJECT_CONVERSION = YES_AGGRESSIVE;
				CLANG_CXX_LANGUAGE_STANDARD = "gnu++14";
				CLANG_CXX_LIBRARY = "libc++";
				CLANG_ENABLE_MODULES = YES;
				CLANG_ENABLE_OBJC_ARC = YES;
				CLANG_WARN_BLOCK_CAPTURE_AUTORELEASING = YES;
				CLANG_WARN_BOOL_CONVERSION = YES;
				CLANG_WARN_COMMA = YES;
				CLANG_WARN_CONSTANT_CONVERSION = YES;
				CLANG_WARN_DIRECT_OBJC_ISA_USAGE = YES_ERROR;
				CLANG_WARN_DOCUMENTATION_COMMENTS = YES;
				CLANG_WARN_EMPTY_BODY = YES;
				CLANG_WARN_ENUM_CONVERSION = YES;
				CLANG_WARN_INFINITE_RECURSION = YES;
				CLANG_WARN_INT_CONVERSION = YES;
				CLANG_WARN_NON_LITERAL_NULL_CONVERSION = YES;
				CLANG_WARN_OBJC_LITERAL_CONVERSION = YES;
				CLANG_WARN_OBJC_ROOT_CLASS = YES_ERROR;
				CLANG_WARN_RANGE_LOOP_ANALYSIS = YES;
				CLANG_WARN_STRICT_PROTOTYPES = YES;
				CLANG_WARN_SUSPICIOUS_MOVE = YES;
				CLANG_WARN_UNGUARDED_AVAILABILITY = YES_AGGRESSIVE;
				CLANG_WARN_UNREACHABLE_CODE = YES;
				CLANG_WARN__DUPLICATE_METHOD_MATCH = YES;
				CODE_SIGN_IDENTITY = "iPhone Developer";
				COPY_PHASE_STRIP = NO;
				DEBUG_INFORMATION_FORMAT = "dwarf-with-dsym";
				ENABLE_NS_ASSERTIONS = NO;
				ENABLE_STRICT_OBJC_MSGSEND = YES;
				GCC_C_LANGUAGE_STANDARD = gnu11;
				GCC_NO_COMMON_BLOCKS = YES;
				GCC_WARN_64_TO_32_BIT_CONVERSION = YES;
				GCC_WARN_ABOUT_RETURN_TYPE = YES_ERROR;
				GCC_WARN_UNDECLARED_SELECTOR = YES;
				GCC_WARN_UNINITIALIZED_AUTOS = YES_AGGRESSIVE;
				GCC_WARN_UNUSED_FUNCTION = YES;
				GCC_WARN_UNUSED_VARIABLE = YES;
				IPHONEOS_DEPLOYMENT_TARGET = 11.2;
				MTL_ENABLE_DEBUG_INFO = NO;
				SDKROOT = iphoneos;
				SWIFT_OPTIMIZATION_LEVEL = "-Owholemodule";
				VALIDATE_PRODUCT = YES;
			};
			name = Release;
		};
		9EE83AC2204BB9D000FD3DC2 /* Debug */ = {
			isa = XCBuildConfiguration;
			baseConfigurationReference = AABAF881C002C6130449AA6A /* Pods-TestProject2.debug.xcconfig */;
			buildSettings = {
				ASSETCATALOG_COMPILER_APPICON_NAME = AppIcon;
				CODE_SIGN_STYLE = Automatic;
				DEVELOPMENT_TEAM = ZELVJRAH4Y;
				INFOPLIST_FILE = TestProject2/Info.plist;
				LD_RUNPATH_SEARCH_PATHS = "$(inherited) @executable_path/Frameworks";
				PRODUCT_BUNDLE_IDENTIFIER = com.applicationdevelopment.TestProject2;
				PRODUCT_NAME = "$(TARGET_NAME)";
				SWIFT_VERSION = 4.0;
				TARGETED_DEVICE_FAMILY = "1,2";
			};
			name = Debug;
		};
		9EE83AC3204BB9D000FD3DC2 /* Release */ = {
			isa = XCBuildConfiguration;
			baseConfigurationReference = 9DA6C2D314394D62E7D9EC57 /* Pods-TestProject2.release.xcconfig */;
			buildSettings = {
				ASSETCATALOG_COMPILER_APPICON_NAME = AppIcon;
				CODE_SIGN_STYLE = Automatic;
				DEVELOPMENT_TEAM = ZELVJRAH4Y;
				INFOPLIST_FILE = TestProject2/Info.plist;
				LD_RUNPATH_SEARCH_PATHS = "$(inherited) @executable_path/Frameworks";
				PRODUCT_BUNDLE_IDENTIFIER = com.applicationdevelopment.TestProject2;
				PRODUCT_NAME = "$(TARGET_NAME)";
				SWIFT_VERSION = 4.0;
				TARGETED_DEVICE_FAMILY = "1,2";
			};
			name = Release;
		};
/* End XCBuildConfiguration section */

/* Begin XCConfigurationList section */
		9EE83AAA204BB9D000FD3DC2 /* Build configuration list for PBXProject "TestProject2" */ = {
			isa = XCConfigurationList;
			buildConfigurations = (
				9EE83ABF204BB9D000FD3DC2 /* Debug */,
				9EE83AC0204BB9D000FD3DC2 /* Release */,
			);
			defaultConfigurationIsVisible = 0;
			defaultConfigurationName = Release;
		};
		9EE83AC1204BB9D000FD3DC2 /* Build configuration list for PBXNativeTarget "TestProject2" */ = {
			isa = XCConfigurationList;
			buildConfigurations = (
				9EE83AC2204BB9D000FD3DC2 /* Debug */,
				9EE83AC3204BB9D000FD3DC2 /* Release */,
			);
			defaultConfigurationIsVisible = 0;
			defaultConfigurationName = Release;
		};
/* End XCConfigurationList section */
	};
	rootObject = 9EE83AA7204BB9D000FD3DC2 /* Project object */;
}
